
Microsoft Visual Studio Solution File, Format Version 12.00
# Visual Studio 15
VisualStudioVersion = 15.0.28306.52
MinimumVisualStudioVersion = 10.0.40219.1
Project("{8BC9CEB8-8B4A-11D0-8D11-00A0C91BC942}") = "FinalProjectV2", "FinalProjectV2\FinalProjectV2.vcxproj", "{27412273-DB6B-4560-BC7D-2C57563343A9}"
EndProject
Global
	GlobalSection(SolutionConfigurationPlatforms) = preSolution
		Debug|x64 = Debug|x64
		Debug|x86 = Debug|x86
		Release|x64 = Release|x64
		Release|x86 = Release|x86
	EndGlobalSection
	GlobalSection(ProjectConfigurationPlatforms) = postSolution
		{27412273-DB6B-4560-BC7D-2C57563343A9}.Debug|x64.ActiveCfg = Debug|x64
		{27412273-DB6B-4560-BC7D-2C57563343A9}.Debug|x64.Build.0 = Debug|x64
		{27412273-DB6B-4560-BC7D-2C57563343A9}.Debug|x86.ActiveCfg = Debug|Win32
		{27412273-DB6B-4560-BC7D-2C57563343A9}.Debug|x86.Build.0 = Debug|Win32
		{27412273-DB6B-4560-BC7D-2C57563343A9}.Release|x64.ActiveCfg = Release|x64
		{27412273-DB6B-4560-BC7D-2C57563343A9}.Release|x64.Build.0 = Release|x64
		{27412273-DB6B-4560-BC7D-2C57563343A9}.Release|x86.ActiveCfg = Release|Win32
		{27412273-DB6B-4560-BC7D-2C57563343A9}.Release|x86.Build.0 = Release|Win32
	EndGlobalSection
	GlobalSection(SolutionProperties) = preSolution
		HideSolutionNode = FALSE
	EndGlobalSection
	GlobalSection(ExtensibilityGlobals) = postSolution
		SolutionGuid = {36B56A42-6A93-40B1-B41F-EB72D73E1FFA}
	EndGlobalSection
EndGlobal
